
Microsoft Visual Studio Solution File, Format Version 12.00
# Visual Studio 15
VisualStudioVersion = 15.0.28010.2036
MinimumVisualStudioVersion = 10.0.40219.1
Project("{FAE04EC0-301F-11D3-BF4B-00C04F79EFBC}") = "Order System", "Order System\Order System.csproj", "{FEA5B4A9-E6E1-4EF9-AA0E-D3C2A4658FA0}"
EndProject
Global
	GlobalSection(SolutionConfigurationPlatforms) = preSolution
		Debug|Any CPU = Debug|Any CPU
		Release|Any CPU = Release|Any CPU
	EndGlobalSection
	GlobalSection(ProjectConfigurationPlatforms) = postSolution
		{FEA5B4A9-E6E1-4EF9-AA0E-D3C2A4658FA0}.Debug|Any CPU.ActiveCfg = Debug|Any CPU
		{FEA5B4A9-E6E1-4EF9-AA0E-D3C2A4658FA0}.Debug|Any CPU.Build.0 = Debug|Any CPU
		{FEA5B4A9-E6E1-4EF9-AA0E-D3C2A4658FA0}.Release|Any CPU.ActiveCfg = Release|Any CPU
		{FEA5B4A9-E6E1-4EF9-AA0E-D3C2A4658FA0}.Release|Any CPU.Build.0 = Release|Any CPU
	EndGlobalSection
	GlobalSection(SolutionProperties) = preSolution
		HideSolutionNode = FALSE
	EndGlobalSection
	GlobalSection(ExtensibilityGlobals) = postSolution
		SolutionGuid = {BDA1F809-FFE4-49D4-AC77-059B7D096EBF}
	EndGlobalSection
EndGlobal
